
Microsoft Visual Studio Solution File, Format Version 12.00
# Visual Studio 15
Project("{FAE04EC0-301F-11D3-BF4B-00C04F79EFBC}") = "Assembly-CSharp-firstpass", "Assembly-CSharp-firstpass.csproj", "{207D6542-D39C-7AAC-2F82-FD37E4BD85AB}"
EndProject
Project("{FAE04EC0-301F-11D3-BF4B-00C04F79EFBC}") = "Assembly-CSharp", "Assembly-CSharp.csproj", "{E9680770-1B98-451E-8F89-56429F4FD0BD}"
EndProject
Project("{FAE04EC0-301F-11D3-BF4B-00C04F79EFBC}") = "Assembly-CSharp-Editor-firstpass", "Assembly-CSharp-Editor-firstpass.csproj", "{C7C6B68C-D458-D1B4-6BDC-510AFEE53144}"
EndProject
Global
	GlobalSection(SolutionConfigurationPlatforms) = preSolution
		Debug|Any CPU = Debug|Any CPU
		Release|Any CPU = Release|Any CPU
	EndGlobalSection
	GlobalSection(ProjectConfigurationPlatforms) = postSolution
		{207D6542-D39C-7AAC-2F82-FD37E4BD85AB}.Debug|Any CPU.ActiveCfg = Debug|Any CPU
		{207D6542-D39C-7AAC-2F82-FD37E4BD85AB}.Debug|Any CPU.Build.0 = Debug|Any CPU
		{207D6542-D39C-7AAC-2F82-FD37E4BD85AB}.Release|Any CPU.ActiveCfg = Release|Any CPU
		{207D6542-D39C-7AAC-2F82-FD37E4BD85AB}.Release|Any CPU.Build.0 = Release|Any CPU
		{E9680770-1B98-451E-8F89-56429F4FD0BD}.Debug|Any CPU.ActiveCfg = Debug|Any CPU
		{E9680770-1B98-451E-8F89-56429F4FD0BD}.Debug|Any CPU.Build.0 = Debug|Any CPU
		{E9680770-1B98-451E-8F89-56429F4FD0BD}.Release|Any CPU.ActiveCfg = Release|Any CPU
		{E9680770-1B98-451E-8F89-56429F4FD0BD}.Release|Any CPU.Build.0 = Release|Any CPU
		{C7C6B68C-D458-D1B4-6BDC-510AFEE53144}.Debug|Any CPU.ActiveCfg = Debug|Any CPU
		{C7C6B68C-D458-D1B4-6BDC-510AFEE53144}.Debug|Any CPU.Build.0 = Debug|Any CPU
		{C7C6B68C-D458-D1B4-6BDC-510AFEE53144}.Release|Any CPU.ActiveCfg = Release|Any CPU
		{C7C6B68C-D458-D1B4-6BDC-510AFEE53144}.Release|Any CPU.Build.0 = Release|Any CPU
	EndGlobalSection
	GlobalSection(SolutionProperties) = preSolution
		HideSolutionNode = FALSE
	EndGlobalSection
EndGlobal
